
Microsoft Visual Studio Solution File, Format Version 12.00
# Visual Studio Version 16
VisualStudioVersion = 16.0.34114.132
MinimumVisualStudioVersion = 10.0.40219.1
Project("{2150E333-8FDC-42A3-9474-1A3956D46DE8}") = "Task0", "Task0", "{086EDF88-EFDA-47C4-A389-2BC9BD8E8A8E}"
EndProject
Project("{FAE04EC0-301F-11D3-BF4B-00C04F79EFBC}") = "Tyuiu.PanasenkoRA.Sprint4.Task0.V0", "Tyuiu.PanasenkoRA.Sprint4.Task0.V0\Tyuiu.PanasenkoRA.Sprint4.Task0.V0.csproj", "{2EFDD632-8F1A-4B6B-A800-4BCBF2B38AA2}"
EndProject
Project("{FAE04EC0-301F-11D3-BF4B-00C04F79EFBC}") = "Tyuiu.PanasenkoRA.Sprint4.Task0.V0.Lib", "Tyuiu.PanasenkoRA.Sprint4.Task0.V0.Lib\Tyuiu.PanasenkoRA.Sprint4.Task0.V0.Lib.csproj", "{B06CCF64-551C-4B4B-AE6D-35CB918A7726}"
EndProject
Project("{FAE04EC0-301F-11D3-BF4B-00C04F79EFBC}") = "Tyuiu.PanasenkoRA.Sprint4.Task0.V0.Test", "Tyuiu.PanasenkoRA.Sprint4.Task0.V0.Test\Tyuiu.PanasenkoRA.Sprint4.Task0.V0.Test.csproj", "{469264EA-E3A1-437F-9E01-0C840C6928BA}"
EndProject
Project("{2150E333-8FDC-42A3-9474-1A3956D46DE8}") = "Task1", "Task1", "{E091C17D-C95B-480D-98E0-F6CA0EE6971D}"
EndProject
Project("{2150E333-8FDC-42A3-9474-1A3956D46DE8}") = "Task2", "Task2", "{F847CD59-9A72-4B06-B508-3D76C8BF90B5}"
EndProject
Project("{2150E333-8FDC-42A3-9474-1A3956D46DE8}") = "Task3", "Task3", "{84A8FC22-BACB-4C9D-BF10-BFD3DE1A2CF7}"
EndProject
Project("{FAE04EC0-301F-11D3-BF4B-00C04F79EFBC}") = "Tyuiu.PanasenkoRA.Sprint4.Task1.V0", "Tyuiu.PanasenkoRA.Sprint4.Task1.V0\Tyuiu.PanasenkoRA.Sprint4.Task1.V0.csproj", "{55F848FB-A54B-44BC-A8F4-A76ECC88A8E3}"
EndProject
Project("{FAE04EC0-301F-11D3-BF4B-00C04F79EFBC}") = "Tyuiu.PanasenkoRA.Sprint4.Task1.V0.Lib", "Tyuiu.PanasenkoRA.Sprint4.Task1.V0.Lib\Tyuiu.PanasenkoRA.Sprint4.Task1.V0.Lib.csproj", "{A0A55CCB-85FD-4FB0-BD34-F6CEB3774E8B}"
EndProject
Project("{FAE04EC0-301F-11D3-BF4B-00C04F79EFBC}") = "Tyuiu.PanasenkoRA.Sprint4.Task1.V0.Test", "Tyuiu.PanasenkoRA.Sprint4.Task1.V0.Test\Tyuiu.PanasenkoRA.Sprint4.Task1.V0.Test.csproj", "{CF3A22E9-9FC5-4C76-905E-E2857D49E0D3}"
EndProject
Project("{FAE04EC0-301F-11D3-BF4B-00C04F79EFBC}") = "Tyuiu.PanasenkoRA.Sprint4.Task2.V0", "Tyuiu.PanasenkoRA.Sprint4.Task2.V0\Tyuiu.PanasenkoRA.Sprint4.Task2.V0.csproj", "{2ADBEF98-CA85-44C2-857A-13CEFEC08545}"
EndProject
Project("{FAE04EC0-301F-11D3-BF4B-00C04F79EFBC}") = "Tyuiu.PanasenkoRA.Sprint4.Task2.V0.Lib", "Tyuiu.PanasenkoRA.Sprint4.Task2.V0.Lib\Tyuiu.PanasenkoRA.Sprint4.Task2.V0.Lib.csproj", "{DD76246A-8ADE-4B80-AFC9-E22E2F28AE37}"
EndProject
Project("{FAE04EC0-301F-11D3-BF4B-00C04F79EFBC}") = "Tyuiu.PanasenkoRA.Sprint4.Task2.V0.Test", "Tyuiu.PanasenkoRA.Sprint4.Task2.V0.Test\Tyuiu.PanasenkoRA.Sprint4.Task2.V0.Test.csproj", "{55F787F9-112F-4E68-8DD6-309A2CB9F4A9}"
EndProject
Project("{FAE04EC0-301F-11D3-BF4B-00C04F79EFBC}") = "Tyuiu.PanasenkoRA.Sprint4.Task3.V0", "Tyuiu.PanasenkoRA.Sprint4.Task3.V0\Tyuiu.PanasenkoRA.Sprint4.Task3.V0.csproj", "{AB7290C4-260C-43A7-9841-6EF245051177}"
EndProject
Project("{FAE04EC0-301F-11D3-BF4B-00C04F79EFBC}") = "Tyuiu.PanasenkoRA.Sprint4.Task3.V0.Lib", "Tyuiu.PanasenkoRA.Sprint4.Task3.V0.Lib\Tyuiu.PanasenkoRA.Sprint4.Task3.V0.Lib.csproj", "{5663D7FF-A19F-4A94-ABDE-7E4372009200}"
EndProject
Project("{FAE04EC0-301F-11D3-BF4B-00C04F79EFBC}") = "Tyuiu.PanasenkoRA.Sprint4.Task3.V0.Test", "Tyuiu.PanasenkoRA.Sprint4.Task3.V0.Test\Tyuiu.PanasenkoRA.Sprint4.Task3.V0.Test.csproj", "{C8B3B18C-8076-49E4-BB94-D46B69016174}"
EndProject
Project("{2150E333-8FDC-42A3-9474-1A3956D46DE8}") = "Task4", "Task4", "{7C8C3506-91E5-46EF-9AC1-E67BD2FA20CA}"
EndProject
Project("{2150E333-8FDC-42A3-9474-1A3956D46DE8}") = "Task6", "Task6", "{DDF7749F-14C5-429A-B249-9F8B7CC32666}"
EndProject
Project("{2150E333-8FDC-42A3-9474-1A3956D46DE8}") = "Task7", "Task7", "{9CC2DD8F-6FD6-4D91-AE41-AB05AC40A1BC}"
EndProject
Project("{FAE04EC0-301F-11D3-BF4B-00C04F79EFBC}") = "Tyuiu.PanasenkoRA.Sprint4.Task4.V0", "Tyuiu.PanasenkoRA.Sprint4.Task4.V0\Tyuiu.PanasenkoRA.Sprint4.Task4.V0.csproj", "{71CB0622-A8C8-4344-906A-6CD25DC4D0C3}"
EndProject
Project("{FAE04EC0-301F-11D3-BF4B-00C04F79EFBC}") = "Tyuiu.PanasenkoRA.Sprint4.Task4.V0.Lib", "Tyuiu.PanasenkoRA.Sprint4.Task4.V0.Lib\Tyuiu.PanasenkoRA.Sprint4.Task4.V0.Lib.csproj", "{516AA3FB-D9FF-4B4A-B674-CB0F4637EAB6}"
EndProject
Project("{FAE04EC0-301F-11D3-BF4B-00C04F79EFBC}") = "Tyuiu.PanasenkoRA.Sprint4.Task4.V0.Test", "Tyuiu.PanasenkoRA.Sprint4.Task4.V0.Test\Tyuiu.PanasenkoRA.Sprint4.Task4.V0.Test.csproj", "{E69A6AF4-211D-4F48-810A-7E62D18D0647}"
EndProject
Project("{2150E333-8FDC-42A3-9474-1A3956D46DE8}") = "Task5", "Task5", "{B65E4153-BB00-4396-859F-46130CB0DB4D}"
EndProject
Project("{FAE04EC0-301F-11D3-BF4B-00C04F79EFBC}") = "Tyuiu.PanasenkoRA.Sprint4.Task5.V0", "Tyuiu.PanasenkoRA.Sprint4.Task5.V0\Tyuiu.PanasenkoRA.Sprint4.Task5.V0.csproj", "{1601C26E-EE32-45FC-96DF-AFA9335B22C7}"
EndProject
Project("{FAE04EC0-301F-11D3-BF4B-00C04F79EFBC}") = "Tyuiu.PanasenkoRA.Sprint4.Task5.V0.Lib", "Tyuiu.PanasenkoRA.Sprint4.Task5.V0.Lib\Tyuiu.PanasenkoRA.Sprint4.Task5.V0.Lib.csproj", "{FDEA20F5-77E9-4391-809C-F8774B715D88}"
EndProject
Project("{FAE04EC0-301F-11D3-BF4B-00C04F79EFBC}") = "Tyuiu.PanasenkoRA.Sprint4.Task5.V0.Test", "Tyuiu.PanasenkoRA.Sprint4.Task5.V0.Test\Tyuiu.PanasenkoRA.Sprint4.Task5.V0.Test.csproj", "{C33BC209-E251-47EB-B7E1-40EFD53781DE}"
EndProject
Project("{FAE04EC0-301F-11D3-BF4B-00C04F79EFBC}") = "Tyuiu.PanasenkoRA.Sprint4.Task6.V0", "Tyuiu.PanasenkoRA.Sprint4.Task6.V0\Tyuiu.PanasenkoRA.Sprint4.Task6.V0.csproj", "{266FBF6E-36F4-4AC3-9FC1-3B9BF49F2B0D}"
EndProject
Project("{FAE04EC0-301F-11D3-BF4B-00C04F79EFBC}") = "Tyuiu.PanasenkoRA.Sprint4.Task6.V0.Lib", "Tyuiu.PanasenkoRA.Sprint4.Task6.V0.Lib\Tyuiu.PanasenkoRA.Sprint4.Task6.V0.Lib.csproj", "{C3040E71-1C59-4D87-A3E9-CF248A4758E5}"
EndProject
Project("{FAE04EC0-301F-11D3-BF4B-00C04F79EFBC}") = "Tyuiu.PanasenkoRA.Sprint4.Task6.V0.Test", "Tyuiu.PanasenkoRA.Sprint4.Task6.V0.Test\Tyuiu.PanasenkoRA.Sprint4.Task6.V0.Test.csproj", "{2C16D36C-919E-46BB-BCDF-1D2304695105}"
EndProject
Project("{FAE04EC0-301F-11D3-BF4B-00C04F79EFBC}") = "Tyuiu.PanasenkoRA.Sprint4.Task7.V0", "Tyuiu.PanasenkoRA.Sprint4.Task7.V0\Tyuiu.PanasenkoRA.Sprint4.Task7.V0.csproj", "{3D415CD6-A0A7-44ED-A0D3-3EC294BCE283}"
EndProject
Project("{FAE04EC0-301F-11D3-BF4B-00C04F79EFBC}") = "Tyuiu.PanasenkoRA.Sprint4.Task7.V0.Lib", "Tyuiu.PanasenkoRA.Sprint4.Task7.V0.Lib\Tyuiu.PanasenkoRA.Sprint4.Task7.V0.Lib.csproj", "{9FE1184C-4333-4DA2-BB3B-9A0703A8EEC5}"
EndProject
Project("{FAE04EC0-301F-11D3-BF4B-00C04F79EFBC}") = "Tyuiu.PanasenkoRA.Sprint4.Task7.V0.Test", "Tyuiu.PanasenkoRA.Sprint4.Task7.V0.Test\Tyuiu.PanasenkoRA.Sprint4.Task7.V0.Test.csproj", "{DF6AD7BD-EDA9-40F8-8D18-376D38C91E25}"
EndProject
Global
	GlobalSection(SolutionConfigurationPlatforms) = preSolution
		Debug|Any CPU = Debug|Any CPU
		Release|Any CPU = Release|Any CPU
	EndGlobalSection
	GlobalSection(ProjectConfigurationPlatforms) = postSolution
		{2EFDD632-8F1A-4B6B-A800-4BCBF2B38AA2}.Debug|Any CPU.ActiveCfg = Debug|Any CPU
		{2EFDD632-8F1A-4B6B-A800-4BCBF2B38AA2}.Debug|Any CPU.Build.0 = Debug|Any CPU
		{2EFDD632-8F1A-4B6B-A800-4BCBF2B38AA2}.Release|Any CPU.ActiveCfg = Release|Any CPU
		{2EFDD632-8F1A-4B6B-A800-4BCBF2B38AA2}.Release|Any CPU.Build.0 = Release|Any CPU
		{B06CCF64-551C-4B4B-AE6D-35CB918A7726}.Debug|Any CPU.ActiveCfg = Debug|Any CPU
		{B06CCF64-551C-4B4B-AE6D-35CB918A7726}.Debug|Any CPU.Build.0 = Debug|Any CPU
		{B06CCF64-551C-4B4B-AE6D-35CB918A7726}.Release|Any CPU.ActiveCfg = Release|Any CPU
		{B06CCF64-551C-4B4B-AE6D-35CB918A7726}.Release|Any CPU.Build.0 = Release|Any CPU
		{469264EA-E3A1-437F-9E01-0C840C6928BA}.Debug|Any CPU.ActiveCfg = Debug|Any CPU
		{469264EA-E3A1-437F-9E01-0C840C6928BA}.Debug|Any CPU.Build.0 = Debug|Any CPU
		{469264EA-E3A1-437F-9E01-0C840C6928BA}.Release|Any CPU.ActiveCfg = Release|Any CPU
		{469264EA-E3A1-437F-9E01-0C840C6928BA}.Release|Any CPU.Build.0 = Release|Any CPU
		{55F848FB-A54B-44BC-A8F4-A76ECC88A8E3}.Debug|Any CPU.ActiveCfg = Debug|Any CPU
		{55F848FB-A54B-44BC-A8F4-A76ECC88A8E3}.Debug|Any CPU.Build.0 = Debug|Any CPU
		{55F848FB-A54B-44BC-A8F4-A76ECC88A8E3}.Release|Any CPU.ActiveCfg = Release|Any CPU
		{55F848FB-A54B-44BC-A8F4-A76ECC88A8E3}.Release|Any CPU.Build.0 = Release|Any CPU
		{A0A55CCB-85FD-4FB0-BD34-F6CEB3774E8B}.Debug|Any CPU.ActiveCfg = Debug|Any CPU
		{A0A55CCB-85FD-4FB0-BD34-F6CEB3774E8B}.Debug|Any CPU.Build.0 = Debug|Any CPU
		{A0A55CCB-85FD-4FB0-BD34-F6CEB3774E8B}.Release|Any CPU.ActiveCfg = Release|Any CPU
		{A0A55CCB-85FD-4FB0-BD34-F6CEB3774E8B}.Release|Any CPU.Build.0 = Release|Any CPU
		{CF3A22E9-9FC5-4C76-905E-E2857D49E0D3}.Debug|Any CPU.ActiveCfg = Debug|Any CPU
		{CF3A22E9-9FC5-4C76-905E-E2857D49E0D3}.Debug|Any CPU.Build.0 = Debug|Any CPU
		{CF3A22E9-9FC5-4C76-905E-E2857D49E0D3}.Release|Any CPU.ActiveCfg = Release|Any CPU
		{CF3A22E9-9FC5-4C76-905E-E2857D49E0D3}.Release|Any CPU.Build.0 = Release|Any CPU
		{2ADBEF98-CA85-44C2-857A-13CEFEC08545}.Debug|Any CPU.ActiveCfg = Debug|Any CPU
		{2ADBEF98-CA85-44C2-857A-13CEFEC08545}.Debug|Any CPU.Build.0 = Debug|Any CPU
		{2ADBEF98-CA85-44C2-857A-13CEFEC08545}.Release|Any CPU.ActiveCfg = Release|Any CPU
		{2ADBEF98-CA85-44C2-857A-13CEFEC08545}.Release|Any CPU.Build.0 = Release|Any CPU
		{DD76246A-8ADE-4B80-AFC9-E22E2F28AE37}.Debug|Any CPU.ActiveCfg = Debug|Any CPU
		{DD76246A-8ADE-4B80-AFC9-E22E2F28AE37}.Debug|Any CPU.Build.0 = Debug|Any CPU
		{DD76246A-8ADE-4B80-AFC9-E22E2F28AE37}.Release|Any CPU.ActiveCfg = Release|Any CPU
		{DD76246A-8ADE-4B80-AFC9-E22E2F28AE37}.Release|Any CPU.Build.0 = Release|Any CPU
		{55F787F9-112F-4E68-8DD6-309A2CB9F4A9}.Debug|Any CPU.ActiveCfg = Debug|Any CPU
		{55F787F9-112F-4E68-8DD6-309A2CB9F4A9}.Debug|Any CPU.Build.0 = Debug|Any CPU
		{55F787F9-112F-4E68-8DD6-309A2CB9F4A9}.Release|Any CPU.ActiveCfg = Release|Any CPU
		{55F787F9-112F-4E68-8DD6-309A2CB9F4A9}.Release|Any CPU.Build.0 = Release|Any CPU
		{AB7290C4-260C-43A7-9841-6EF245051177}.Debug|Any CPU.ActiveCfg = Debug|Any CPU
		{AB7290C4-260C-43A7-9841-6EF245051177}.Debug|Any CPU.Build.0 = Debug|Any CPU
		{AB7290C4-260C-43A7-9841-6EF245051177}.Release|Any CPU.ActiveCfg = Release|Any CPU
		{AB7290C4-260C-43A7-9841-6EF245051177}.Release|Any CPU.Build.0 = Release|Any CPU
		{5663D7FF-A19F-4A94-ABDE-7E4372009200}.Debug|Any CPU.ActiveCfg = Debug|Any CPU
		{5663D7FF-A19F-4A94-ABDE-7E4372009200}.Debug|Any CPU.Build.0 = Debug|Any CPU
		{5663D7FF-A19F-4A94-ABDE-7E4372009200}.Release|Any CPU.ActiveCfg = Release|Any CPU
		{5663D7FF-A19F-4A94-ABDE-7E4372009200}.Release|Any CPU.Build.0 = Release|Any CPU
		{C8B3B18C-8076-49E4-BB94-D46B69016174}.Debug|Any CPU.ActiveCfg = Debug|Any CPU
		{C8B3B18C-8076-49E4-BB94-D46B69016174}.Debug|Any CPU.Build.0 = Debug|Any CPU
		{C8B3B18C-8076-49E4-BB94-D46B69016174}.Release|Any CPU.ActiveCfg = Release|Any CPU
		{C8B3B18C-8076-49E4-BB94-D46B69016174}.Release|Any CPU.Build.0 = Release|Any CPU
		{71CB0622-A8C8-4344-906A-6CD25DC4D0C3}.Debug|Any CPU.ActiveCfg = Debug|Any CPU
		{71CB0622-A8C8-4344-906A-6CD25DC4D0C3}.Debug|Any CPU.Build.0 = Debug|Any CPU
		{71CB0622-A8C8-4344-906A-6CD25DC4D0C3}.Release|Any CPU.ActiveCfg = Release|Any CPU
		{71CB0622-A8C8-4344-906A-6CD25DC4D0C3}.Release|Any CPU.Build.0 = Release|Any CPU
		{516AA3FB-D9FF-4B4A-B674-CB0F4637EAB6}.Debug|Any CPU.ActiveCfg = Debug|Any CPU
		{516AA3FB-D9FF-4B4A-B674-CB0F4637EAB6}.Debug|Any CPU.Build.0 = Debug|Any CPU
		{516AA3FB-D9FF-4B4A-B674-CB0F4637EAB6}.Release|Any CPU.ActiveCfg = Release|Any CPU
		{516AA3FB-D9FF-4B4A-B674-CB0F4637EAB6}.Release|Any CPU.Build.0 = Release|Any CPU
		{E69A6AF4-211D-4F48-810A-7E62D18D0647}.Debug|Any CPU.ActiveCfg = Debug|Any CPU
		{E69A6AF4-211D-4F48-810A-7E62D18D0647}.Debug|Any CPU.Build.0 = Debug|Any CPU
		{E69A6AF4-211D-4F48-810A-7E62D18D0647}.Release|Any CPU.ActiveCfg = Release|Any CPU
		{E69A6AF4-211D-4F48-810A-7E62D18D0647}.Release|Any CPU.Build.0 = Release|Any CPU
		{1601C26E-EE32-45FC-96DF-AFA9335B22C7}.Debug|Any CPU.ActiveCfg = Debug|Any CPU
		{1601C26E-EE32-45FC-96DF-AFA9335B22C7}.Debug|Any CPU.Build.0 = Debug|Any CPU
		{1601C26E-EE32-45FC-96DF-AFA9335B22C7}.Release|Any CPU.ActiveCfg = Release|Any CPU
		{1601C26E-EE32-45FC-96DF-AFA9335B22C7}.Release|Any CPU.Build.0 = Release|Any CPU
		{FDEA20F5-77E9-4391-809C-F8774B715D88}.Debug|Any CPU.ActiveCfg = Debug|Any CPU
		{FDEA20F5-77E9-4391-809C-F8774B715D88}.Debug|Any CPU.Build.0 = Debug|Any CPU
		{FDEA20F5-77E9-4391-809C-F8774B715D88}.Release|Any CPU.ActiveCfg = Release|Any CPU
		{FDEA20F5-77E9-4391-809C-F8774B715D88}.Release|Any CPU.Build.0 = Release|Any CPU
		{C33BC209-E251-47EB-B7E1-40EFD53781DE}.Debug|Any CPU.ActiveCfg = Debug|Any CPU
		{C33BC209-E251-47EB-B7E1-40EFD53781DE}.Debug|Any CPU.Build.0 = Debug|Any CPU
		{C33BC209-E251-47EB-B7E1-40EFD53781DE}.Release|Any CPU.ActiveCfg = Release|Any CPU
		{C33BC209-E251-47EB-B7E1-40EFD53781DE}.Release|Any CPU.Build.0 = Release|Any CPU
		{266FBF6E-36F4-4AC3-9FC1-3B9BF49F2B0D}.Debug|Any CPU.ActiveCfg = Debug|Any CPU
		{266FBF6E-36F4-4AC3-9FC1-3B9BF49F2B0D}.Debug|Any CPU.Build.0 = Debug|Any CPU
		{266FBF6E-36F4-4AC3-9FC1-3B9BF49F2B0D}.Release|Any CPU.ActiveCfg = Release|Any CPU
		{266FBF6E-36F4-4AC3-9FC1-3B9BF49F2B0D}.Release|Any CPU.Build.0 = Release|Any CPU
		{C3040E71-1C59-4D87-A3E9-CF248A4758E5}.Debug|Any CPU.ActiveCfg = Debug|Any CPU
		{C3040E71-1C59-4D87-A3E9-CF248A4758E5}.Debug|Any CPU.Build.0 = Debug|Any CPU
		{C3040E71-1C59-4D87-A3E9-CF248A4758E5}.Release|Any CPU.ActiveCfg = Release|Any CPU
		{C3040E71-1C59-4D87-A3E9-CF248A4758E5}.Release|Any CPU.Build.0 = Release|Any CPU
		{2C16D36C-919E-46BB-BCDF-1D2304695105}.Debug|Any CPU.ActiveCfg = Debug|Any CPU
		{2C16D36C-919E-46BB-BCDF-1D2304695105}.Debug|Any CPU.Build.0 = Debug|Any CPU
		{2C16D36C-919E-46BB-BCDF-1D2304695105}.Release|Any CPU.ActiveCfg = Release|Any CPU
		{2C16D36C-919E-46BB-BCDF-1D2304695105}.Release|Any CPU.Build.0 = Release|Any CPU
		{3D415CD6-A0A7-44ED-A0D3-3EC294BCE283}.Debug|Any CPU.ActiveCfg = Debug|Any CPU
		{3D415CD6-A0A7-44ED-A0D3-3EC294BCE283}.Debug|Any CPU.Build.0 = Debug|Any CPU
		{3D415CD6-A0A7-44ED-A0D3-3EC294BCE283}.Release|Any CPU.ActiveCfg = Release|Any CPU
		{3D415CD6-A0A7-44ED-A0D3-3EC294BCE283}.Release|Any CPU.Build.0 = Release|Any CPU
		{9FE1184C-4333-4DA2-BB3B-9A0703A8EEC5}.Debug|Any CPU.ActiveCfg = Debug|Any CPU
		{9FE1184C-4333-4DA2-BB3B-9A0703A8EEC5}.Debug|Any CPU.Build.0 = Debug|Any CPU
		{9FE1184C-4333-4DA2-BB3B-9A0703A8EEC5}.Release|Any CPU.ActiveCfg = Release|Any CPU
		{9FE1184C-4333-4DA2-BB3B-9A0703A8EEC5}.Release|Any CPU.Build.0 = Release|Any CPU
		{DF6AD7BD-EDA9-40F8-8D18-376D38C91E25}.Debug|Any CPU.ActiveCfg = Debug|Any CPU
		{DF6AD7BD-EDA9-40F8-8D18-376D38C91E25}.Debug|Any CPU.Build.0 = Debug|Any CPU
		{DF6AD7BD-EDA9-40F8-8D18-376D38C91E25}.Release|Any CPU.ActiveCfg = Release|Any CPU
		{DF6AD7BD-EDA9-40F8-8D18-376D38C91E25}.Release|Any CPU.Build.0 = Release|Any CPU
	EndGlobalSection
	GlobalSection(SolutionProperties) = preSolution
		HideSolutionNode = FALSE
	EndGlobalSection
	GlobalSection(NestedProjects) = preSolution
		{2EFDD632-8F1A-4B6B-A800-4BCBF2B38AA2} = {086EDF88-EFDA-47C4-A389-2BC9BD8E8A8E}
		{B06CCF64-551C-4B4B-AE6D-35CB918A7726} = {086EDF88-EFDA-47C4-A389-2BC9BD8E8A8E}
		{469264EA-E3A1-437F-9E01-0C840C6928BA} = {086EDF88-EFDA-47C4-A389-2BC9BD8E8A8E}
		{55F848FB-A54B-44BC-A8F4-A76ECC88A8E3} = {E091C17D-C95B-480D-98E0-F6CA0EE6971D}
		{A0A55CCB-85FD-4FB0-BD34-F6CEB3774E8B} = {E091C17D-C95B-480D-98E0-F6CA0EE6971D}
		{CF3A22E9-9FC5-4C76-905E-E2857D49E0D3} = {E091C17D-C95B-480D-98E0-F6CA0EE6971D}
		{2ADBEF98-CA85-44C2-857A-13CEFEC08545} = {F847CD59-9A72-4B06-B508-3D76C8BF90B5}
		{DD76246A-8ADE-4B80-AFC9-E22E2F28AE37} = {F847CD59-9A72-4B06-B508-3D76C8BF90B5}
		{55F787F9-112F-4E68-8DD6-309A2CB9F4A9} = {F847CD59-9A72-4B06-B508-3D76C8BF90B5}
		{AB7290C4-260C-43A7-9841-6EF245051177} = {84A8FC22-BACB-4C9D-BF10-BFD3DE1A2CF7}
		{5663D7FF-A19F-4A94-ABDE-7E4372009200} = {84A8FC22-BACB-4C9D-BF10-BFD3DE1A2CF7}
		{C8B3B18C-8076-49E4-BB94-D46B69016174} = {84A8FC22-BACB-4C9D-BF10-BFD3DE1A2CF7}
		{71CB0622-A8C8-4344-906A-6CD25DC4D0C3} = {7C8C3506-91E5-46EF-9AC1-E67BD2FA20CA}
		{516AA3FB-D9FF-4B4A-B674-CB0F4637EAB6} = {7C8C3506-91E5-46EF-9AC1-E67BD2FA20CA}
		{E69A6AF4-211D-4F48-810A-7E62D18D0647} = {7C8C3506-91E5-46EF-9AC1-E67BD2FA20CA}
		{1601C26E-EE32-45FC-96DF-AFA9335B22C7} = {B65E4153-BB00-4396-859F-46130CB0DB4D}
		{FDEA20F5-77E9-4391-809C-F8774B715D88} = {B65E4153-BB00-4396-859F-46130CB0DB4D}
		{C33BC209-E251-47EB-B7E1-40EFD53781DE} = {B65E4153-BB00-4396-859F-46130CB0DB4D}
		{266FBF6E-36F4-4AC3-9FC1-3B9BF49F2B0D} = {DDF7749F-14C5-429A-B249-9F8B7CC32666}
		{C3040E71-1C59-4D87-A3E9-CF248A4758E5} = {DDF7749F-14C5-429A-B249-9F8B7CC32666}
		{2C16D36C-919E-46BB-BCDF-1D2304695105} = {DDF7749F-14C5-429A-B249-9F8B7CC32666}
		{3D415CD6-A0A7-44ED-A0D3-3EC294BCE283} = {9CC2DD8F-6FD6-4D91-AE41-AB05AC40A1BC}
		{9FE1184C-4333-4DA2-BB3B-9A0703A8EEC5} = {9CC2DD8F-6FD6-4D91-AE41-AB05AC40A1BC}
		{DF6AD7BD-EDA9-40F8-8D18-376D38C91E25} = {9CC2DD8F-6FD6-4D91-AE41-AB05AC40A1BC}
	EndGlobalSection
	GlobalSection(ExtensibilityGlobals) = postSolution
		SolutionGuid = {708E9C79-54D1-49B5-A3EA-969CE19DCDA6}
	EndGlobalSection
EndGlobal
